
Microsoft Visual Studio Solution File, Format Version 12.00
# Visual Studio 15
VisualStudioVersion = 15.0.27703.2035
MinimumVisualStudioVersion = 10.0.40219.1
Project("{FAE04EC0-301F-11D3-BF4B-00C04F79EFBC}") = "Converter", "Converter.csproj", "{8A7CDE33-D9DC-4166-BDBD-1E09C618F72F}"
EndProject
Global
	GlobalSection(SolutionConfigurationPlatforms) = preSolution
		Debug|Any CPU = Debug|Any CPU
		Release|Any CPU = Release|Any CPU
	EndGlobalSection
	GlobalSection(ProjectConfigurationPlatforms) = postSolution
		{8A7CDE33-D9DC-4166-BDBD-1E09C618F72F}.Debug|Any CPU.ActiveCfg = Debug|Any CPU
		{8A7CDE33-D9DC-4166-BDBD-1E09C618F72F}.Debug|Any CPU.Build.0 = Debug|Any CPU
		{8A7CDE33-D9DC-4166-BDBD-1E09C618F72F}.Release|Any CPU.ActiveCfg = Release|Any CPU
		{8A7CDE33-D9DC-4166-BDBD-1E09C618F72F}.Release|Any CPU.Build.0 = Release|Any CPU
	EndGlobalSection
	GlobalSection(SolutionProperties) = preSolution
		HideSolutionNode = FALSE
	EndGlobalSection
	GlobalSection(ExtensibilityGlobals) = postSolution
		SolutionGuid = {EF7BDB63-FBEE-4087-878C-362E5CEB1FD8}
	EndGlobalSection
EndGlobal
